
Microsoft Visual Studio Solution File, Format Version 12.00
# Visual Studio Version 17
VisualStudioVersion = 17.4.33122.133
MinimumVisualStudioVersion = 10.0.40219.1
Project("{FAE04EC0-301F-11D3-BF4B-00C04F79EFBC}") = "ExercStaticMethods", "ExercStaticMethods.csproj", "{AADED619-1FB9-40B0-A81C-86AD4559E66D}"
EndProject
Global
	GlobalSection(SolutionConfigurationPlatforms) = preSolution
		Debug|Any CPU = Debug|Any CPU
		Release|Any CPU = Release|Any CPU
	EndGlobalSection
	GlobalSection(ProjectConfigurationPlatforms) = postSolution
		{AADED619-1FB9-40B0-A81C-86AD4559E66D}.Debug|Any CPU.ActiveCfg = Debug|Any CPU
		{AADED619-1FB9-40B0-A81C-86AD4559E66D}.Debug|Any CPU.Build.0 = Debug|Any CPU
		{AADED619-1FB9-40B0-A81C-86AD4559E66D}.Release|Any CPU.ActiveCfg = Release|Any CPU
		{AADED619-1FB9-40B0-A81C-86AD4559E66D}.Release|Any CPU.Build.0 = Release|Any CPU
	EndGlobalSection
	GlobalSection(SolutionProperties) = preSolution
		HideSolutionNode = FALSE
	EndGlobalSection
	GlobalSection(ExtensibilityGlobals) = postSolution
		SolutionGuid = {65F85148-4118-422A-8442-2F99EAE510A0}
	EndGlobalSection
EndGlobal
